// !$*UTF8*$!
{
	archiveVersion = 1;
	classes = {
	};
	objectVersion = 51;
	objects = {

/* Begin PBXBuildFile section */
		052241C9278493BB007D74B9 /* BaseProtocol.swift in Sources */ = {isa = PBXBuildFile; fileRef = 052241C8278493BB007D74B9 /* BaseProtocol.swift */; };
		06532170AB2BF2F9B655B2F7 /* Pods_Pokedex.framework in Frameworks */ = {isa = PBXBuildFile; fileRef = E61D5AACAC5F33D6C0C51D06 /* Pods_Pokedex.framework */; };
		456BA9828CEA174713E8069B /* Pods_Pokedex_PokedexUITests.framework in Frameworks */ = {isa = PBXBuildFile; fileRef = 23E440C7CB59C3F2AAF832DC /* Pods_Pokedex_PokedexUITests.framework */; };
		6C2192C926453C3E00D8A242 /* PokemonInfo.swift in Sources */ = {isa = PBXBuildFile; fileRef = 6C2192C826453C3E00D8A242 /* PokemonInfo.swift */; };
		6C2192CB2646ACA200D8A242 /* PokemonType.swift in Sources */ = {isa = PBXBuildFile; fileRef = 6C2192CA2646ACA200D8A242 /* PokemonType.swift */; };
		6CA15726264453AA0006EC41 /* PokemonInfoView.swift in Sources */ = {isa = PBXBuildFile; fileRef = 6CA15725264453AA0006EC41 /* PokemonInfoView.swift */; };
		6CA15728264455EA0006EC41 /* PokemonInfoVM.swift in Sources */ = {isa = PBXBuildFile; fileRef = 6CA15727264455EA0006EC41 /* PokemonInfoVM.swift */; };
		6CCAEF91264047FA0098BA2C /* AppDelegate.swift in Sources */ = {isa = PBXBuildFile; fileRef = 6CCAEF90264047FA0098BA2C /* AppDelegate.swift */; };
		6CCAEF95264047FA0098BA2C /* PokemonListVC.swift in Sources */ = {isa = PBXBuildFile; fileRef = 6CCAEF94264047FA0098BA2C /* PokemonListVC.swift */; };
		6CCAEF9A264047FB0098BA2C /* Assets.xcassets in Resources */ = {isa = PBXBuildFile; fileRef = 6CCAEF99264047FB0098BA2C /* Assets.xcassets */; };
		6CCAEF9D264047FB0098BA2C /* LaunchScreen.storyboard in Resources */ = {isa = PBXBuildFile; fileRef = 6CCAEF9B264047FB0098BA2C /* LaunchScreen.storyboard */; };
		6CCAEFA8264047FB0098BA2C /* PokemonListUseCaseTests.swift in Sources */ = {isa = PBXBuildFile; fileRef = 6CCAEFA7264047FB0098BA2C /* PokemonListUseCaseTests.swift */; };
		6CCAEFB3264047FB0098BA2C /* PokedexUITests.swift in Sources */ = {isa = PBXBuildFile; fileRef = 6CCAEFB2264047FB0098BA2C /* PokedexUITests.swift */; };
		6CCAEFC226413D230098BA2C /* Pokemon.swift in Sources */ = {isa = PBXBuildFile; fileRef = 6CCAEFC126413D230098BA2C /* Pokemon.swift */; };
		6CCAEFC7264164A30098BA2C /* APIService.swift in Sources */ = {isa = PBXBuildFile; fileRef = 6CCAEFC6264164A30098BA2C /* APIService.swift */; };
		6CCAEFC9264165380098BA2C /* APIManager.swift in Sources */ = {isa = PBXBuildFile; fileRef = 6CCAEFC8264165380098BA2C /* APIManager.swift */; };
		6CCAEFCF264293C80098BA2C /* PokemonListVM.swift in Sources */ = {isa = PBXBuildFile; fileRef = 6CCAEFCE264293C80098BA2C /* PokemonListVM.swift */; };
		6CCAEFD22642ACF80098BA2C /* DBManager.swift in Sources */ = {isa = PBXBuildFile; fileRef = 6CCAEFD12642ACF80098BA2C /* DBManager.swift */; };
		6CCAEFD52642AD470098BA2C /* PokemonRepository.swift in Sources */ = {isa = PBXBuildFile; fileRef = 6CCAEFD42642AD470098BA2C /* PokemonRepository.swift */; };
		6CCAEFD7264318080098BA2C /* PokemonListView.swift in Sources */ = {isa = PBXBuildFile; fileRef = 6CCAEFD6264318080098BA2C /* PokemonListView.swift */; };
		6CCAEFDB26439CE00098BA2C /* .swiftlint.yml in Resources */ = {isa = PBXBuildFile; fileRef = 6CCAEFDA26439CE00098BA2C /* .swiftlint.yml */; };
		6CCAEFDD2643B0650098BA2C /* PokemonListCell.swift in Sources */ = {isa = PBXBuildFile; fileRef = 6CCAEFDC2643B0650098BA2C /* PokemonListCell.swift */; };
		6CCAEFDF2643B1FF0098BA2C /* Ext.swift in Sources */ = {isa = PBXBuildFile; fileRef = 6CCAEFDE2643B1FE0098BA2C /* Ext.swift */; };
		6CCAEFE526444CD80098BA2C /* PokemonInfoVC.swift in Sources */ = {isa = PBXBuildFile; fileRef = 6CCAEFE426444CD80098BA2C /* PokemonInfoVC.swift */; };
		6CD588C8282B8DA100421A2F /* DefaultPokemonRepository.swift in Sources */ = {isa = PBXBuildFile; fileRef = 6CD588C7282B8DA000421A2F /* DefaultPokemonRepository.swift */; };
		6CD588CC282B8ECE00421A2F /* PokemonListUseCase.swift in Sources */ = {isa = PBXBuildFile; fileRef = 6CD588CB282B8ECD00421A2F /* PokemonListUseCase.swift */; };
		6CD588CE282B8EDF00421A2F /* DefaultPokemonListUseCase.swift in Sources */ = {isa = PBXBuildFile; fileRef = 6CD588CD282B8EDF00421A2F /* DefaultPokemonListUseCase.swift */; };
		6CD588D3282B998500421A2F /* MockPokemonRepository.swift in Sources */ = {isa = PBXBuildFile; fileRef = 6CD588D2282B998500421A2F /* MockPokemonRepository.swift */; };
		6CD588D5282B9C6200421A2F /* MockPokemonList_1.json in Resources */ = {isa = PBXBuildFile; fileRef = 6CD588D4282B9C6200421A2F /* MockPokemonList_1.json */; };
		6CD588D9282B9DB700421A2F /* MockPokemonList_2.json in Resources */ = {isa = PBXBuildFile; fileRef = 6CD588D8282B9DB700421A2F /* MockPokemonList_2.json */; };
		8AA16744DA39136A8C8A121F /* Pods_PokedexTests.framework in Frameworks */ = {isa = PBXBuildFile; fileRef = 34D03392BAA6F5ED0F612F62 /* Pods_PokedexTests.framework */; };
/* End PBXBuildFile section */

/* Begin PBXContainerItemProxy section */
		6CCAEFA4264047FB0098BA2C /* PBXContainerItemProxy */ = {
			isa = PBXContainerItemProxy;
			containerPortal = 6CCAEF85264047FA0098BA2C /* Project object */;
			proxyType = 1;
			remoteGlobalIDString = 6CCAEF8C264047FA0098BA2C;
			remoteInfo = Pokedex;
		};
		6CCAEFAF264047FB0098BA2C /* PBXContainerItemProxy */ = {
			isa = PBXContainerItemProxy;
			containerPortal = 6CCAEF85264047FA0098BA2C /* Project object */;
			proxyType = 1;
			remoteGlobalIDString = 6CCAEF8C264047FA0098BA2C;
			remoteInfo = Pokedex;
		};
/* End PBXContainerItemProxy section */

/* Begin PBXFileReference section */
		052241C8278493BB007D74B9 /* BaseProtocol.swift */ = {isa = PBXFileReference; lastKnownFileType = sourcecode.swift; path = BaseProtocol.swift; sourceTree = "<group>"; };
		0A327B8C7AF7F67DE087FF92 /* Pods-Pokedex.release.xcconfig */ = {isa = PBXFileReference; includeInIndex = 1; lastKnownFileType = text.xcconfig; name = "Pods-Pokedex.release.xcconfig"; path = "Target Support Files/Pods-Pokedex/Pods-Pokedex.release.xcconfig"; sourceTree = "<group>"; };
		23E440C7CB59C3F2AAF832DC /* Pods_Pokedex_PokedexUITests.framework */ = {isa = PBXFileReference; explicitFileType = wrapper.framework; includeInIndex = 0; path = Pods_Pokedex_PokedexUITests.framework; sourceTree = BUILT_PRODUCTS_DIR; };
		277F7FD9DDAE1FCF8195A88E /* Pods-Pokedex-PokedexUITests.debug.xcconfig */ = {isa = PBXFileReference; includeInIndex = 1; lastKnownFileType = text.xcconfig; name = "Pods-Pokedex-PokedexUITests.debug.xcconfig"; path = "Target Support Files/Pods-Pokedex-PokedexUITests/Pods-Pokedex-PokedexUITests.debug.xcconfig"; sourceTree = "<group>"; };
		30ECE34877D66DFFE41D8C0C /* Pods-PokedexTests.debug.xcconfig */ = {isa = PBXFileReference; includeInIndex = 1; lastKnownFileType = text.xcconfig; name = "Pods-PokedexTests.debug.xcconfig"; path = "Target Support Files/Pods-PokedexTests/Pods-PokedexTests.debug.xcconfig"; sourceTree = "<group>"; };
		3242FE8111865D84C0543464 /* Pods-Pokedex-PokedexUITests.release.xcconfig */ = {isa = PBXFileReference; includeInIndex = 1; lastKnownFileType = text.xcconfig; name = "Pods-Pokedex-PokedexUITests.release.xcconfig"; path = "Target Support Files/Pods-Pokedex-PokedexUITests/Pods-Pokedex-PokedexUITests.release.xcconfig"; sourceTree = "<group>"; };
		34D03392BAA6F5ED0F612F62 /* Pods_PokedexTests.framework */ = {isa = PBXFileReference; explicitFileType = wrapper.framework; includeInIndex = 0; path = Pods_PokedexTests.framework; sourceTree = BUILT_PRODUCTS_DIR; };
		6C2192C826453C3E00D8A242 /* PokemonInfo.swift */ = {isa = PBXFileReference; lastKnownFileType = sourcecode.swift; path = PokemonInfo.swift; sourceTree = "<group>"; };
		6C2192CA2646ACA200D8A242 /* PokemonType.swift */ = {isa = PBXFileReference; lastKnownFileType = sourcecode.swift; path = PokemonType.swift; sourceTree = "<group>"; };
		6CA15725264453AA0006EC41 /* PokemonInfoView.swift */ = {isa = PBXFileReference; lastKnownFileType = sourcecode.swift; path = PokemonInfoView.swift; sourceTree = "<group>"; };
		6CA15727264455EA0006EC41 /* PokemonInfoVM.swift */ = {isa = PBXFileReference; lastKnownFileType = sourcecode.swift; path = PokemonInfoVM.swift; sourceTree = "<group>"; };
		6CCAEF8D264047FA0098BA2C /* Pokedex.app */ = {isa = PBXFileReference; explicitFileType = wrapper.application; includeInIndex = 0; path = Pokedex.app; sourceTree = BUILT_PRODUCTS_DIR; };
		6CCAEF90264047FA0098BA2C /* AppDelegate.swift */ = {isa = PBXFileReference; lastKnownFileType = sourcecode.swift; path = AppDelegate.swift; sourceTree = "<group>"; };
		6CCAEF94264047FA0098BA2C /* PokemonListVC.swift */ = {isa = PBXFileReference; lastKnownFileType = sourcecode.swift; path = PokemonListVC.swift; sourceTree = "<group>"; };
		6CCAEF99264047FB0098BA2C /* Assets.xcassets */ = {isa = PBXFileReference; lastKnownFileType = folder.assetcatalog; path = Assets.xcassets; sourceTree = "<group>"; };
		6CCAEF9C264047FB0098BA2C /* Base */ = {isa = PBXFileReference; lastKnownFileType = file.storyboard; name = Base; path = Base.lproj/LaunchScreen.storyboard; sourceTree = "<group>"; };
		6CCAEF9E264047FB0098BA2C /* Info.plist */ = {isa = PBXFileReference; lastKnownFileType = text.plist.xml; path = Info.plist; sourceTree = "<group>"; };
		6CCAEFA3264047FB0098BA2C /* PokedexTests.xctest */ = {isa = PBXFileReference; explicitFileType = wrapper.cfbundle; includeInIndex = 0; path = PokedexTests.xctest; sourceTree = BUILT_PRODUCTS_DIR; };
		6CCAEFA7264047FB0098BA2C /* PokemonListUseCaseTests.swift */ = {isa = PBXFileReference; lastKnownFileType = sourcecode.swift; path = PokemonListUseCaseTests.swift; sourceTree = "<group>"; };
		6CCAEFA9264047FB0098BA2C /* Info.plist */ = {isa = PBXFileReference; lastKnownFileType = text.plist.xml; path = Info.plist; sourceTree = "<group>"; };
		6CCAEFAE264047FB0098BA2C /* PokedexUITests.xctest */ = {isa = PBXFileReference; explicitFileType = wrapper.cfbundle; includeInIndex = 0; path = PokedexUITests.xctest; sourceTree = BUILT_PRODUCTS_DIR; };
		6CCAEFB2264047FB0098BA2C /* PokedexUITests.swift */ = {isa = PBXFileReference; lastKnownFileType = sourcecode.swift; path = PokedexUITests.swift; sourceTree = "<group>"; };
		6CCAEFB4264047FB0098BA2C /* Info.plist */ = {isa = PBXFileReference; lastKnownFileType = text.plist.xml; path = Info.plist; sourceTree = "<group>"; };
		6CCAEFC126413D230098BA2C /* Pokemon.swift */ = {isa = PBXFileReference; lastKnownFileType = sourcecode.swift; path = Pokemon.swift; sourceTree = "<group>"; };
		6CCAEFC6264164A30098BA2C /* APIService.swift */ = {isa = PBXFileReference; lastKnownFileType = sourcecode.swift; path = APIService.swift; sourceTree = "<group>"; };
		6CCAEFC8264165380098BA2C /* APIManager.swift */ = {isa = PBXFileReference; lastKnownFileType = sourcecode.swift; path = APIManager.swift; sourceTree = "<group>"; };
		6CCAEFCE264293C80098BA2C /* PokemonListVM.swift */ = {isa = PBXFileReference; lastKnownFileType = sourcecode.swift; path = PokemonListVM.swift; sourceTree = "<group>"; };
		6CCAEFD12642ACF80098BA2C /* DBManager.swift */ = {isa = PBXFileReference; lastKnownFileType = sourcecode.swift; path = DBManager.swift; sourceTree = "<group>"; };
		6CCAEFD42642AD470098BA2C /* PokemonRepository.swift */ = {isa = PBXFileReference; lastKnownFileType = sourcecode.swift; path = PokemonRepository.swift; sourceTree = "<group>"; };
		6CCAEFD6264318080098BA2C /* PokemonListView.swift */ = {isa = PBXFileReference; lastKnownFileType = sourcecode.swift; path = PokemonListView.swift; sourceTree = "<group>"; };
		6CCAEFDA26439CE00098BA2C /* .swiftlint.yml */ = {isa = PBXFileReference; fileEncoding = 4; lastKnownFileType = text.yaml; path = .swiftlint.yml; sourceTree = "<group>"; };
		6CCAEFDC2643B0650098BA2C /* PokemonListCell.swift */ = {isa = PBXFileReference; lastKnownFileType = sourcecode.swift; path = PokemonListCell.swift; sourceTree = "<group>"; };
		6CCAEFDE2643B1FE0098BA2C /* Ext.swift */ = {isa = PBXFileReference; lastKnownFileType = sourcecode.swift; path = Ext.swift; sourceTree = "<group>"; };
		6CCAEFE426444CD80098BA2C /* PokemonInfoVC.swift */ = {isa = PBXFileReference; lastKnownFileType = sourcecode.swift; path = PokemonInfoVC.swift; sourceTree = "<group>"; };
		6CD588C7282B8DA000421A2F /* DefaultPokemonRepository.swift */ = {isa = PBXFileReference; lastKnownFileType = sourcecode.swift; path = DefaultPokemonRepository.swift; sourceTree = "<group>"; };
		6CD588CB282B8ECD00421A2F /* PokemonListUseCase.swift */ = {isa = PBXFileReference; lastKnownFileType = sourcecode.swift; path = PokemonListUseCase.swift; sourceTree = "<group>"; };
		6CD588CD282B8EDF00421A2F /* DefaultPokemonListUseCase.swift */ = {isa = PBXFileReference; lastKnownFileType = sourcecode.swift; path = DefaultPokemonListUseCase.swift; sourceTree = "<group>"; };
		6CD588D2282B998500421A2F /* MockPokemonRepository.swift */ = {isa = PBXFileReference; lastKnownFileType = sourcecode.swift; path = MockPokemonRepository.swift; sourceTree = "<group>"; };
		6CD588D4282B9C6200421A2F /* MockPokemonList_1.json */ = {isa = PBXFileReference; lastKnownFileType = text.json; path = MockPokemonList_1.json; sourceTree = "<group>"; };
		6CD588D8282B9DB700421A2F /* MockPokemonList_2.json */ = {isa = PBXFileReference; lastKnownFileType = text.json; path = MockPokemonList_2.json; sourceTree = "<group>"; };
		7ADCBDC5ABA1A23DB23A9D9C /* Pods-Pokedex.debug.xcconfig */ = {isa = PBXFileReference; includeInIndex = 1; lastKnownFileType = text.xcconfig; name = "Pods-Pokedex.debug.xcconfig"; path = "Target Support Files/Pods-Pokedex/Pods-Pokedex.debug.xcconfig"; sourceTree = "<group>"; };
		E17F63A0CF66D466821870C1 /* Pods-PokedexTests.release.xcconfig */ = {isa = PBXFileReference; includeInIndex = 1; lastKnownFileType = text.xcconfig; name = "Pods-PokedexTests.release.xcconfig"; path = "Target Support Files/Pods-PokedexTests/Pods-PokedexTests.release.xcconfig"; sourceTree = "<group>"; };
		E61D5AACAC5F33D6C0C51D06 /* Pods_Pokedex.framework */ = {isa = PBXFileReference; explicitFileType = wrapper.framework; includeInIndex = 0; path = Pods_Pokedex.framework; sourceTree = BUILT_PRODUCTS_DIR; };
/* End PBXFileReference section */

/* Begin PBXFrameworksBuildPhase section */
		6CCAEF8A264047FA0098BA2C /* Frameworks */ = {
			isa = PBXFrameworksBuildPhase;
			buildActionMask = 2147483647;
			files = (
				06532170AB2BF2F9B655B2F7 /* Pods_Pokedex.framework in Frameworks */,
			);
			runOnlyForDeploymentPostprocessing = 0;
		};
		6CCAEFA0264047FB0098BA2C /* Frameworks */ = {
			isa = PBXFrameworksBuildPhase;
			buildActionMask = 2147483647;
			files = (
				8AA16744DA39136A8C8A121F /* Pods_PokedexTests.framework in Frameworks */,
			);
			runOnlyForDeploymentPostprocessing = 0;
		};
		6CCAEFAB264047FB0098BA2C /* Frameworks */ = {
			isa = PBXFrameworksBuildPhase;
			buildActionMask = 2147483647;
			files = (
				456BA9828CEA174713E8069B /* Pods_Pokedex_PokedexUITests.framework in Frameworks */,
			);
			runOnlyForDeploymentPostprocessing = 0;
		};
/* End PBXFrameworksBuildPhase section */

/* Begin PBXGroup section */
		052241C72784937B007D74B9 /* Protocol */ = {
			isa = PBXGroup;
			children = (
				052241C8278493BB007D74B9 /* BaseProtocol.swift */,
			);
			path = Protocol;
			sourceTree = "<group>";
		};
		24A1FA29EA28F27D6F1509AE /* Frameworks */ = {
			isa = PBXGroup;
			children = (
				E61D5AACAC5F33D6C0C51D06 /* Pods_Pokedex.framework */,
				23E440C7CB59C3F2AAF832DC /* Pods_Pokedex_PokedexUITests.framework */,
				34D03392BAA6F5ED0F612F62 /* Pods_PokedexTests.framework */,
			);
			name = Frameworks;
			sourceTree = "<group>";
		};
		5622A35E76ED4D8D96FD1875 /* Pods */ = {
			isa = PBXGroup;
			children = (
				7ADCBDC5ABA1A23DB23A9D9C /* Pods-Pokedex.debug.xcconfig */,
				0A327B8C7AF7F67DE087FF92 /* Pods-Pokedex.release.xcconfig */,
				277F7FD9DDAE1FCF8195A88E /* Pods-Pokedex-PokedexUITests.debug.xcconfig */,
				3242FE8111865D84C0543464 /* Pods-Pokedex-PokedexUITests.release.xcconfig */,
				30ECE34877D66DFFE41D8C0C /* Pods-PokedexTests.debug.xcconfig */,
				E17F63A0CF66D466821870C1 /* Pods-PokedexTests.release.xcconfig */,
			);
			path = Pods;
			sourceTree = "<group>";
		};
		6CCAEF84264047FA0098BA2C = {
			isa = PBXGroup;
			children = (
				6CCAEFDA26439CE00098BA2C /* .swiftlint.yml */,
				6CCAEF8F264047FA0098BA2C /* Pokedex */,
				6CCAEFA6264047FB0098BA2C /* PokedexUseCaseTests */,
				6CCAEFB1264047FB0098BA2C /* PokedexUITests */,
				6CCAEF8E264047FA0098BA2C /* Products */,
				5622A35E76ED4D8D96FD1875 /* Pods */,
				24A1FA29EA28F27D6F1509AE /* Frameworks */,
			);
			sourceTree = "<group>";
		};
		6CCAEF8E264047FA0098BA2C /* Products */ = {
			isa = PBXGroup;
			children = (
				6CCAEF8D264047FA0098BA2C /* Pokedex.app */,
				6CCAEFA3264047FB0098BA2C /* PokedexTests.xctest */,
				6CCAEFAE264047FB0098BA2C /* PokedexUITests.xctest */,
			);
			name = Products;
			sourceTree = "<group>";
		};
		6CCAEF8F264047FA0098BA2C /* Pokedex */ = {
			isa = PBXGroup;
			children = (
				6CCAEFD02642ACE60098BA2C /* Realm */,
				6CD588CF282B91E400421A2F /* Domain */,
				6CCAEFCC26428ED20098BA2C /* Presentation */,
				6CCAEFD32642AD1D0098BA2C /* Repository */,
				6CCAEFC5264164940098BA2C /* Network */,
				6CCAEFD82643183E0098BA2C /* Extension */,
				052241C72784937B007D74B9 /* Protocol */,
				6CCAEF90264047FA0098BA2C /* AppDelegate.swift */,
				6CCAEF99264047FB0098BA2C /* Assets.xcassets */,
				6CCAEF9B264047FB0098BA2C /* LaunchScreen.storyboard */,
				6CCAEF9E264047FB0098BA2C /* Info.plist */,
			);
			path = Pokedex;
			sourceTree = "<group>";
		};
		6CCAEFA6264047FB0098BA2C /* PokedexUseCaseTests */ = {
			isa = PBXGroup;
			children = (
				6CD588D0282B981F00421A2F /* PokemonList */,
				6CCAEFA9264047FB0098BA2C /* Info.plist */,
			);
			path = PokedexUseCaseTests;
			sourceTree = "<group>";
		};
		6CCAEFB1264047FB0098BA2C /* PokedexUITests */ = {
			isa = PBXGroup;
			children = (
				6CCAEFB2264047FB0098BA2C /* PokedexUITests.swift */,
				6CCAEFB4264047FB0098BA2C /* Info.plist */,
			);
			path = PokedexUITests;
			sourceTree = "<group>";
		};
		6CCAEFC02641361C0098BA2C /* Model */ = {
			isa = PBXGroup;
			children = (
				6CCAEFC126413D230098BA2C /* Pokemon.swift */,
				6C2192C826453C3E00D8A242 /* PokemonInfo.swift */,
				6C2192CA2646ACA200D8A242 /* PokemonType.swift */,
			);
			path = Model;
			sourceTree = "<group>";
		};
		6CCAEFC5264164940098BA2C /* Network */ = {
			isa = PBXGroup;
			children = (
				6CCAEFC6264164A30098BA2C /* APIService.swift */,
				6CCAEFC8264165380098BA2C /* APIManager.swift */,
			);
			path = Network;
			sourceTree = "<group>";
		};
		6CCAEFCC26428ED20098BA2C /* Presentation */ = {
			isa = PBXGroup;
			children = (
				6CCAEFCD2642913D0098BA2C /* Main */,
				6CCAEFE326444A190098BA2C /* Detail */,
			);
			path = Presentation;
			sourceTree = "<group>";
		};
		6CCAEFCD2642913D0098BA2C /* Main */ = {
			isa = PBXGroup;
			children = (
				6CCAEFD6264318080098BA2C /* PokemonListView.swift */,
				6CCAEF94264047FA0098BA2C /* PokemonListVC.swift */,
				6CCAEFCE264293C80098BA2C /* PokemonListVM.swift */,
				6CCAEFDC2643B0650098BA2C /* PokemonListCell.swift */,
			);
			path = Main;
			sourceTree = "<group>";
		};
		6CCAEFD02642ACE60098BA2C /* Realm */ = {
			isa = PBXGroup;
			children = (
				6CCAEFD12642ACF80098BA2C /* DBManager.swift */,
			);
			path = Realm;
			sourceTree = "<group>";
		};
		6CCAEFD32642AD1D0098BA2C /* Repository */ = {
			isa = PBXGroup;
			children = (
				6CCAEFD42642AD470098BA2C /* PokemonRepository.swift */,
				6CD588C7282B8DA000421A2F /* DefaultPokemonRepository.swift */,
			);
			path = Repository;
			sourceTree = "<group>";
		};
		6CCAEFD82643183E0098BA2C /* Extension */ = {
			isa = PBXGroup;
			children = (
				6CCAEFDE2643B1FE0098BA2C /* Ext.swift */,
			);
			path = Extension;
			sourceTree = "<group>";
		};
		6CCAEFE326444A190098BA2C /* Detail */ = {
			isa = PBXGroup;
			children = (
				6CA15725264453AA0006EC41 /* PokemonInfoView.swift */,
				6CCAEFE426444CD80098BA2C /* PokemonInfoVC.swift */,
				6CA15727264455EA0006EC41 /* PokemonInfoVM.swift */,
			);
			path = Detail;
			sourceTree = "<group>";
		};
		6CD588C9282B8E7E00421A2F /* UseCases */ = {
			isa = PBXGroup;
			children = (
				6CD588CA282B8EB000421A2F /* Protocol */,
				6CD588CD282B8EDF00421A2F /* DefaultPokemonListUseCase.swift */,
			);
			path = UseCases;
			sourceTree = "<group>";
		};
		6CD588CA282B8EB000421A2F /* Protocol */ = {
			isa = PBXGroup;
			children = (
				6CD588CB282B8ECD00421A2F /* PokemonListUseCase.swift */,
			);
			path = Protocol;
			sourceTree = "<group>";
		};
		6CD588CF282B91E400421A2F /* Domain */ = {
			isa = PBXGroup;
			children = (
				6CCAEFC02641361C0098BA2C /* Model */,
				6CD588C9282B8E7E00421A2F /* UseCases */,
			);
			path = Domain;
			sourceTree = "<group>";
		};
		6CD588D0282B981F00421A2F /* PokemonList */ = {
			isa = PBXGroup;
			children = (
				6CD588D1282B996400421A2F /* Mock */,
				6CCAEFA7264047FB0098BA2C /* PokemonListUseCaseTests.swift */,
			);
			path = PokemonList;
			sourceTree = "<group>";
		};
		6CD588D1282B996400421A2F /* Mock */ = {
			isa = PBXGroup;
			children = (
				6CD588D2282B998500421A2F /* MockPokemonRepository.swift */,
				6CD588D4282B9C6200421A2F /* MockPokemonList_1.json */,
				6CD588D8282B9DB700421A2F /* MockPokemonList_2.json */,
			);
			path = Mock;
			sourceTree = "<group>";
		};
/* End PBXGroup section */

/* Begin PBXNativeTarget section */
		6CCAEF8C264047FA0098BA2C /* Pokedex */ = {
			isa = PBXNativeTarget;
			buildConfigurationList = 6CCAEFB7264047FB0098BA2C /* Build configuration list for PBXNativeTarget "Pokedex" */;
			buildPhases = (
				9077046E8DCBF33B67637C86 /* [CP] Check Pods Manifest.lock */,
				6CCAEF89264047FA0098BA2C /* Sources */,
				6CCAEF8A264047FA0098BA2C /* Frameworks */,
				6CCAEF8B264047FA0098BA2C /* Resources */,
				614BFFDF164C52371451DA1C /* [CP] Embed Pods Frameworks */,
				6CCAEFD926439B540098BA2C /* ShellScript */,
			);
			buildRules = (
			);
			dependencies = (
			);
			name = Pokedex;
			productName = Pokedex;
			productReference = 6CCAEF8D264047FA0098BA2C /* Pokedex.app */;
			productType = "com.apple.product-type.application";
		};
		6CCAEFA2264047FB0098BA2C /* PokedexTests */ = {
			isa = PBXNativeTarget;
			buildConfigurationList = 6CCAEFBA264047FB0098BA2C /* Build configuration list for PBXNativeTarget "PokedexTests" */;
			buildPhases = (
				399274AC97C2CA8323EBD2D1 /* [CP] Check Pods Manifest.lock */,
				6CCAEF9F264047FB0098BA2C /* Sources */,
				6CCAEFA0264047FB0098BA2C /* Frameworks */,
				6CCAEFA1264047FB0098BA2C /* Resources */,
				EAE7B50C53E191B81DE4330C /* [CP] Embed Pods Frameworks */,
			);
			buildRules = (
			);
			dependencies = (
				6CCAEFA5264047FB0098BA2C /* PBXTargetDependency */,
			);
			name = PokedexTests;
			productName = PokedexTests;
			productReference = 6CCAEFA3264047FB0098BA2C /* PokedexTests.xctest */;
			productType = "com.apple.product-type.bundle.unit-test";
		};
		6CCAEFAD264047FB0098BA2C /* PokedexUITests */ = {
			isa = PBXNativeTarget;
			buildConfigurationList = 6CCAEFBD264047FB0098BA2C /* Build configuration list for PBXNativeTarget "PokedexUITests" */;
			buildPhases = (
				98E680CF71FAE80935073A81 /* [CP] Check Pods Manifest.lock */,
				6CCAEFAA264047FB0098BA2C /* Sources */,
				6CCAEFAB264047FB0098BA2C /* Frameworks */,
				6CCAEFAC264047FB0098BA2C /* Resources */,
				26F067019A2E1205E992E305 /* [CP] Embed Pods Frameworks */,
			);
			buildRules = (
			);
			dependencies = (
				6CCAEFB0264047FB0098BA2C /* PBXTargetDependency */,
			);
			name = PokedexUITests;
			productName = PokedexUITests;
			productReference = 6CCAEFAE264047FB0098BA2C /* PokedexUITests.xctest */;
			productType = "com.apple.product-type.bundle.ui-testing";
		};
/* End PBXNativeTarget section */

/* Begin PBXProject section */
		6CCAEF85264047FA0098BA2C /* Project object */ = {
			isa = PBXProject;
			attributes = {
				LastSwiftUpdateCheck = 1250;
				LastUpgradeCheck = 1250;
				TargetAttributes = {
					6CCAEF8C264047FA0098BA2C = {
						CreatedOnToolsVersion = 12.5;
					};
					6CCAEFA2264047FB0098BA2C = {
						CreatedOnToolsVersion = 12.5;
						TestTargetID = 6CCAEF8C264047FA0098BA2C;
					};
					6CCAEFAD264047FB0098BA2C = {
						CreatedOnToolsVersion = 12.5;
						TestTargetID = 6CCAEF8C264047FA0098BA2C;
					};
				};
			};
			buildConfigurationList = 6CCAEF88264047FA0098BA2C /* Build configuration list for PBXProject "Pokedex" */;
			compatibilityVersion = "Xcode 9.3";
			developmentRegion = en;
			hasScannedForEncodings = 0;
			knownRegions = (
				en,
				Base,
			);
			mainGroup = 6CCAEF84264047FA0098BA2C;
			productRefGroup = 6CCAEF8E264047FA0098BA2C /* Products */;
			projectDirPath = "";
			projectRoot = "";
			targets = (
				6CCAEF8C264047FA0098BA2C /* Pokedex */,
				6CCAEFA2264047FB0098BA2C /* PokedexTests */,
				6CCAEFAD264047FB0098BA2C /* PokedexUITests */,
			);
		};
/* End PBXProject section */

/* Begin PBXResourcesBuildPhase section */
		6CCAEF8B264047FA0098BA2C /* Resources */ = {
			isa = PBXResourcesBuildPhase;
			buildActionMask = 2147483647;
			files = (
				6CCAEFDB26439CE00098BA2C /* .swiftlint.yml in Resources */,
				6CD588D5282B9C6200421A2F /* MockPokemonList_1.json in Resources */,
				6CD588D9282B9DB700421A2F /* MockPokemonList_2.json in Resources */,
				6CCAEF9D264047FB0098BA2C /* LaunchScreen.storyboard in Resources */,
				6CCAEF9A264047FB0098BA2C /* Assets.xcassets in Resources */,
			);
			runOnlyForDeploymentPostprocessing = 0;
		};
		6CCAEFA1264047FB0098BA2C /* Resources */ = {
			isa = PBXResourcesBuildPhase;
			buildActionMask = 2147483647;
			files = (
			);
			runOnlyForDeploymentPostprocessing = 0;
		};
		6CCAEFAC264047FB0098BA2C /* Resources */ = {
			isa = PBXResourcesBuildPhase;
			buildActionMask = 2147483647;
			files = (
			);
			runOnlyForDeploymentPostprocessing = 0;
		};
/* End PBXResourcesBuildPhase section */

/* Begin PBXShellScriptBuildPhase section */
		26F067019A2E1205E992E305 /* [CP] Embed Pods Frameworks */ = {
			isa = PBXShellScriptBuildPhase;
			buildActionMask = 2147483647;
			files = (
			);
			inputFileListPaths = (
				"${PODS_ROOT}/Target Support Files/Pods-Pokedex-PokedexUITests/Pods-Pokedex-PokedexUITests-frameworks-${CONFIGURATION}-input-files.xcfilelist",
			);
			name = "[CP] Embed Pods Frameworks";
			outputFileListPaths = (
				"${PODS_ROOT}/Target Support Files/Pods-Pokedex-PokedexUITests/Pods-Pokedex-PokedexUITests-frameworks-${CONFIGURATION}-output-files.xcfilelist",
			);
			runOnlyForDeploymentPostprocessing = 0;
			shellPath = /bin/sh;
			shellScript = "\"${PODS_ROOT}/Target Support Files/Pods-Pokedex-PokedexUITests/Pods-Pokedex-PokedexUITests-frameworks.sh\"\n";
			showEnvVarsInLog = 0;
		};
		399274AC97C2CA8323EBD2D1 /* [CP] Check Pods Manifest.lock */ = {
			isa = PBXShellScriptBuildPhase;
			buildActionMask = 2147483647;
			files = (
			);
			inputFileListPaths = (
			);
			inputPaths = (
				"${PODS_PODFILE_DIR_PATH}/Podfile.lock",
				"${PODS_ROOT}/Manifest.lock",
			);
			name = "[CP] Check Pods Manifest.lock";
			outputFileListPaths = (
			);
			outputPaths = (
				"$(DERIVED_FILE_DIR)/Pods-PokedexTests-checkManifestLockResult.txt",
			);
			runOnlyForDeploymentPostprocessing = 0;
			shellPath = /bin/sh;
			shellScript = "diff \"${PODS_PODFILE_DIR_PATH}/Podfile.lock\" \"${PODS_ROOT}/Manifest.lock\" > /dev/null\nif [ $? != 0 ] ; then\n    # print error to STDERR\n    echo \"error: The sandbox is not in sync with the Podfile.lock. Run 'pod install' or update your CocoaPods installation.\" >&2\n    exit 1\nfi\n# This output is used by Xcode 'outputs' to avoid re-running this script phase.\necho \"SUCCESS\" > \"${SCRIPT_OUTPUT_FILE_0}\"\n";
			showEnvVarsInLog = 0;
		};
		614BFFDF164C52371451DA1C /* [CP] Embed Pods Frameworks */ = {
			isa = PBXShellScriptBuildPhase;
			buildActionMask = 2147483647;
			files = (
			);
			inputFileListPaths = (
				"${PODS_ROOT}/Target Support Files/Pods-Pokedex/Pods-Pokedex-frameworks-${CONFIGURATION}-input-files.xcfilelist",
			);
			name = "[CP] Embed Pods Frameworks";
			outputFileListPaths = (
				"${PODS_ROOT}/Target Support Files/Pods-Pokedex/Pods-Pokedex-frameworks-${CONFIGURATION}-output-files.xcfilelist",
			);
			runOnlyForDeploymentPostprocessing = 0;
			shellPath = /bin/sh;
			shellScript = "\"${PODS_ROOT}/Target Support Files/Pods-Pokedex/Pods-Pokedex-frameworks.sh\"\n";
			showEnvVarsInLog = 0;
		};
		6CCAEFD926439B540098BA2C /* ShellScript */ = {
			isa = PBXShellScriptBuildPhase;
			buildActionMask = 2147483647;
			files = (
			);
			inputFileListPaths = (
			);
			inputPaths = (
			);
			outputFileListPaths = (
			);
			outputPaths = (
			);
			runOnlyForDeploymentPostprocessing = 0;
			shellPath = /bin/sh;
			shellScript = "${PODS_ROOT}/SwiftLint/swiftlint\n";
		};
		9077046E8DCBF33B67637C86 /* [CP] Check Pods Manifest.lock */ = {
			isa = PBXShellScriptBuildPhase;
			buildActionMask = 2147483647;
			files = (
			);
			inputFileListPaths = (
			);
			inputPaths = (
				"${PODS_PODFILE_DIR_PATH}/Podfile.lock",
				"${PODS_ROOT}/Manifest.lock",
			);
			name = "[CP] Check Pods Manifest.lock";
			outputFileListPaths = (
			);
			outputPaths = (
				"$(DERIVED_FILE_DIR)/Pods-Pokedex-checkManifestLockResult.txt",
			);
			runOnlyForDeploymentPostprocessing = 0;
			shellPath = /bin/sh;
			shellScript = "diff \"${PODS_PODFILE_DIR_PATH}/Podfile.lock\" \"${PODS_ROOT}/Manifest.lock\" > /dev/null\nif [ $? != 0 ] ; then\n    # print error to STDERR\n    echo \"error: The sandbox is not in sync with the Podfile.lock. Run 'pod install' or update your CocoaPods installation.\" >&2\n    exit 1\nfi\n# This output is used by Xcode 'outputs' to avoid re-running this script phase.\necho \"SUCCESS\" > \"${SCRIPT_OUTPUT_FILE_0}\"\n";
			showEnvVarsInLog = 0;
		};
		98E680CF71FAE80935073A81 /* [CP] Check Pods Manifest.lock */ = {
			isa = PBXShellScriptBuildPhase;
			buildActionMask = 2147483647;
			files = (
			);
			inputFileListPaths = (
			);
			inputPaths = (
				"${PODS_PODFILE_DIR_PATH}/Podfile.lock",
				"${PODS_ROOT}/Manifest.lock",
			);
			name = "[CP] Check Pods Manifest.lock";
			outputFileListPaths = (
			);
			outputPaths = (
				"$(DERIVED_FILE_DIR)/Pods-Pokedex-PokedexUITests-checkManifestLockResult.txt",
			);
			runOnlyForDeploymentPostprocessing = 0;
			shellPath = /bin/sh;
			shellScript = "diff \"${PODS_PODFILE_DIR_PATH}/Podfile.lock\" \"${PODS_ROOT}/Manifest.lock\" > /dev/null\nif [ $? != 0 ] ; then\n    # print error to STDERR\n    echo \"error: The sandbox is not in sync with the Podfile.lock. Run 'pod install' or update your CocoaPods installation.\" >&2\n    exit 1\nfi\n# This output is used by Xcode 'outputs' to avoid re-running this script phase.\necho \"SUCCESS\" > \"${SCRIPT_OUTPUT_FILE_0}\"\n";
			showEnvVarsInLog = 0;
		};
		EAE7B50C53E191B81DE4330C /* [CP] Embed Pods Frameworks */ = {
			isa = PBXShellScriptBuildPhase;
			buildActionMask = 2147483647;
			files = (
			);
			inputFileListPaths = (
				"${PODS_ROOT}/Target Support Files/Pods-PokedexTests/Pods-PokedexTests-frameworks-${CONFIGURATION}-input-files.xcfilelist",
			);
			name = "[CP] Embed Pods Frameworks";
			outputFileListPaths = (
				"${PODS_ROOT}/Target Support Files/Pods-PokedexTests/Pods-PokedexTests-frameworks-${CONFIGURATION}-output-files.xcfilelist",
			);
			runOnlyForDeploymentPostprocessing = 0;
			shellPath = /bin/sh;
			shellScript = "\"${PODS_ROOT}/Target Support Files/Pods-PokedexTests/Pods-PokedexTests-frameworks.sh\"\n";
			showEnvVarsInLog = 0;
		};
/* End PBXShellScriptBuildPhase section */

/* Begin PBXSourcesBuildPhase section */
		6CCAEF89264047FA0098BA2C /* Sources */ = {
			isa = PBXSourcesBuildPhase;
			buildActionMask = 2147483647;
			files = (
				6CCAEFC9264165380098BA2C /* APIManager.swift in Sources */,
				6CCAEFDD2643B0650098BA2C /* PokemonListCell.swift in Sources */,
				6CCAEFCF264293C80098BA2C /* PokemonListVM.swift in Sources */,
				6CCAEFD22642ACF80098BA2C /* DBManager.swift in Sources */,
				6CCAEFC7264164A30098BA2C /* APIService.swift in Sources */,
				6CCAEF95264047FA0098BA2C /* PokemonListVC.swift in Sources */,
				052241C9278493BB007D74B9 /* BaseProtocol.swift in Sources */,
				6CCAEFE526444CD80098BA2C /* PokemonInfoVC.swift in Sources */,
				6CD588D3282B998500421A2F /* MockPokemonRepository.swift in Sources */,
				6C2192CB2646ACA200D8A242 /* PokemonType.swift in Sources */,
				6CD588CE282B8EDF00421A2F /* DefaultPokemonListUseCase.swift in Sources */,
				6CCAEFDF2643B1FF0098BA2C /* Ext.swift in Sources */,
				6CD588CC282B8ECE00421A2F /* PokemonListUseCase.swift in Sources */,
				6CA15728264455EA0006EC41 /* PokemonInfoVM.swift in Sources */,
				6CD588C8282B8DA100421A2F /* DefaultPokemonRepository.swift in Sources */,
				6CCAEF91264047FA0098BA2C /* AppDelegate.swift in Sources */,
				6CCAEFC226413D230098BA2C /* Pokemon.swift in Sources */,
				6C2192C926453C3E00D8A242 /* PokemonInfo.swift in Sources */,
				6CCAEFD7264318080098BA2C /* PokemonListView.swift in Sources */,
				6CA15726264453AA0006EC41 /* PokemonInfoView.swift in Sources */,
				6CCAEFD52642AD470098BA2C /* PokemonRepository.swift in Sources */,
			);
			runOnlyForDeploymentPostprocessing = 0;
		};
		6CCAEF9F264047FB0098BA2C /* Sources */ = {
			isa = PBXSourcesBuildPhase;
			buildActionMask = 2147483647;
			files = (
				6CCAEFA8264047FB0098BA2C /* PokemonListUseCaseTests.swift in Sources */,
			);
			runOnlyForDeploymentPostprocessing = 0;
		};
		6CCAEFAA264047FB0098BA2C /* Sources */ = {
			isa = PBXSourcesBuildPhase;
			buildActionMask = 2147483647;
			files = (
				6CCAEFB3264047FB0098BA2C /* PokedexUITests.swift in Sources */,
			);
			runOnlyForDeploymentPostprocessing = 0;
		};
/* End PBXSourcesBuildPhase section */

/* Begin PBXTargetDependency section */
		6CCAEFA5264047FB0098BA2C /* PBXTargetDependency */ = {
			isa = PBXTargetDependency;
			target = 6CCAEF8C264047FA0098BA2C /* Pokedex */;
			targetProxy = 6CCAEFA4264047FB0098BA2C /* PBXContainerItemProxy */;
		};
		6CCAEFB0264047FB0098BA2C /* PBXTargetDependency */ = {
			isa = PBXTargetDependency;
			target = 6CCAEF8C264047FA0098BA2C /* Pokedex */;
			targetProxy = 6CCAEFAF264047FB0098BA2C /* PBXContainerItemProxy */;
		};
/* End PBXTargetDependency section */

/* Begin PBXVariantGroup section */
		6CCAEF9B264047FB0098BA2C /* LaunchScreen.storyboard */ = {
			isa = PBXVariantGroup;
			children = (
				6CCAEF9C264047FB0098BA2C /* Base */,
			);
			name = LaunchScreen.storyboard;
			sourceTree = "<group>";
		};
/* End PBXVariantGroup section */

/* Begin XCBuildConfiguration section */
		6CCAEFB5264047FB0098BA2C /* Debug */ = {
			isa = XCBuildConfiguration;
			buildSettings = {
				ALWAYS_EMBED_SWIFT_STANDARD_LIBRARIES = YES;
				ALWAYS_SEARCH_USER_PATHS = NO;
				CLANG_ANALYZER_NONNULL = YES;
				CLANG_ANALYZER_NUMBER_OBJECT_CONVERSION = YES_AGGRESSIVE;
				CLANG_CXX_LANGUAGE_STANDARD = "gnu++14";
				CLANG_CXX_LIBRARY = "libc++";
				CLANG_ENABLE_MODULES = YES;
				CLANG_ENABLE_OBJC_ARC = YES;
				CLANG_ENABLE_OBJC_WEAK = YES;
				CLANG_WARN_BLOCK_CAPTURE_AUTORELEASING = YES;
				CLANG_WARN_BOOL_CONVERSION = YES;
				CLANG_WARN_COMMA = YES;
				CLANG_WARN_CONSTANT_CONVERSION = YES;
				CLANG_WARN_DEPRECATED_OBJC_IMPLEMENTATIONS = YES;
				CLANG_WARN_DIRECT_OBJC_ISA_USAGE = YES_ERROR;
				CLANG_WARN_DOCUMENTATION_COMMENTS = YES;
				CLANG_WARN_EMPTY_BODY = YES;
				CLANG_WARN_ENUM_CONVERSION = YES;
				CLANG_WARN_INFINITE_RECURSION = YES;
				CLANG_WARN_INT_CONVERSION = YES;
				CLANG_WARN_NON_LITERAL_NULL_CONVERSION = YES;
				CLANG_WARN_OBJC_IMPLICIT_RETAIN_SELF = YES;
				CLANG_WARN_OBJC_LITERAL_CONVERSION = YES;
				CLANG_WARN_OBJC_ROOT_CLASS = YES_ERROR;
				CLANG_WARN_QUOTED_INCLUDE_IN_FRAMEWORK_HEADER = YES;
				CLANG_WARN_RANGE_LOOP_ANALYSIS = YES;
				CLANG_WARN_STRICT_PROTOTYPES = YES;
				CLANG_WARN_SUSPICIOUS_MOVE = YES;
				CLANG_WARN_UNGUARDED_AVAILABILITY = YES_AGGRESSIVE;
				CLANG_WARN_UNREACHABLE_CODE = YES;
				CLANG_WARN__DUPLICATE_METHOD_MATCH = YES;
				COPY_PHASE_STRIP = NO;
				DEBUG_INFORMATION_FORMAT = dwarf;
				ENABLE_STRICT_OBJC_MSGSEND = YES;
				ENABLE_TESTABILITY = YES;
				GCC_C_LANGUAGE_STANDARD = gnu11;
				GCC_DYNAMIC_NO_PIC = NO;
				GCC_NO_COMMON_BLOCKS = YES;
				GCC_OPTIMIZATION_LEVEL = 0;
				GCC_PREPROCESSOR_DEFINITIONS = (
					"DEBUG=1",
					"$(inherited)",
				);
				GCC_WARN_64_TO_32_BIT_CONVERSION = YES;
				GCC_WARN_ABOUT_RETURN_TYPE = YES_ERROR;
				GCC_WARN_UNDECLARED_SELECTOR = YES;
				GCC_WARN_UNINITIALIZED_AUTOS = YES_AGGRESSIVE;
				GCC_WARN_UNUSED_FUNCTION = YES;
				GCC_WARN_UNUSED_VARIABLE = YES;
				IPHONEOS_DEPLOYMENT_TARGET = 14.1;
				MTL_ENABLE_DEBUG_INFO = INCLUDE_SOURCE;
				MTL_FAST_MATH = YES;
				ONLY_ACTIVE_ARCH = YES;
				SDKROOT = iphoneos;
				SWIFT_ACTIVE_COMPILATION_CONDITIONS = DEBUG;
				SWIFT_OPTIMIZATION_LEVEL = "-Onone";
			};
			name = Debug;
		};
		6CCAEFB6264047FB0098BA2C /* Release */ = {
			isa = XCBuildConfiguration;
			buildSettings = {
				ALWAYS_EMBED_SWIFT_STANDARD_LIBRARIES = YES;
				ALWAYS_SEARCH_USER_PATHS = NO;
				CLANG_ANALYZER_NONNULL = YES;
				CLANG_ANALYZER_NUMBER_OBJECT_CONVERSION = YES_AGGRESSIVE;
				CLANG_CXX_LANGUAGE_STANDARD = "gnu++14";
				CLANG_CXX_LIBRARY = "libc++";
				CLANG_ENABLE_MODULES = YES;
				CLANG_ENABLE_OBJC_ARC = YES;
				CLANG_ENABLE_OBJC_WEAK = YES;
				CLANG_WARN_BLOCK_CAPTURE_AUTORELEASING = YES;
				CLANG_WARN_BOOL_CONVERSION = YES;
				CLANG_WARN_COMMA = YES;
				CLANG_WARN_CONSTANT_CONVERSION = YES;
				CLANG_WARN_DEPRECATED_OBJC_IMPLEMENTATIONS = YES;
				CLANG_WARN_DIRECT_OBJC_ISA_USAGE = YES_ERROR;
				CLANG_WARN_DOCUMENTATION_COMMENTS = YES;
				CLANG_WARN_EMPTY_BODY = YES;
				CLANG_WARN_ENUM_CONVERSION = YES;
				CLANG_WARN_INFINITE_RECURSION = YES;
				CLANG_WARN_INT_CONVERSION = YES;
				CLANG_WARN_NON_LITERAL_NULL_CONVERSION = YES;
				CLANG_WARN_OBJC_IMPLICIT_RETAIN_SELF = YES;
				CLANG_WARN_OBJC_LITERAL_CONVERSION = YES;
				CLANG_WARN_OBJC_ROOT_CLASS = YES_ERROR;
				CLANG_WARN_QUOTED_INCLUDE_IN_FRAMEWORK_HEADER = YES;
				CLANG_WARN_RANGE_LOOP_ANALYSIS = YES;
				CLANG_WARN_STRICT_PROTOTYPES = YES;
				CLANG_WARN_SUSPICIOUS_MOVE = YES;
				CLANG_WARN_UNGUARDED_AVAILABILITY = YES_AGGRESSIVE;
				CLANG_WARN_UNREACHABLE_CODE = YES;
				CLANG_WARN__DUPLICATE_METHOD_MATCH = YES;
				COPY_PHASE_STRIP = NO;
				DEBUG_INFORMATION_FORMAT = "dwarf-with-dsym";
				ENABLE_NS_ASSERTIONS = NO;
				ENABLE_STRICT_OBJC_MSGSEND = YES;
				GCC_C_LANGUAGE_STANDARD = gnu11;
				GCC_NO_COMMON_BLOCKS = YES;
				GCC_WARN_64_TO_32_BIT_CONVERSION = YES;
				GCC_WARN_ABOUT_RETURN_TYPE = YES_ERROR;
				GCC_WARN_UNDECLARED_SELECTOR = YES;
				GCC_WARN_UNINITIALIZED_AUTOS = YES_AGGRESSIVE;
				GCC_WARN_UNUSED_FUNCTION = YES;
				GCC_WARN_UNUSED_VARIABLE = YES;
				IPHONEOS_DEPLOYMENT_TARGET = 14.1;
				MTL_ENABLE_DEBUG_INFO = NO;
				MTL_FAST_MATH = YES;
				SDKROOT = iphoneos;
				SWIFT_COMPILATION_MODE = wholemodule;
				SWIFT_OPTIMIZATION_LEVEL = "-O";
				VALIDATE_PRODUCT = YES;
			};
			name = Release;
		};
		6CCAEFB8264047FB0098BA2C /* Debug */ = {
			isa = XCBuildConfiguration;
			baseConfigurationReference = 7ADCBDC5ABA1A23DB23A9D9C /* Pods-Pokedex.debug.xcconfig */;
			buildSettings = {
				ASSETCATALOG_COMPILER_APPICON_NAME = AppIcon;
				ASSETCATALOG_COMPILER_GLOBAL_ACCENT_COLOR_NAME = AccentColor;
				CODE_SIGN_STYLE = Automatic;
				DEVELOPMENT_TEAM = GBSDV5CPBM;
				INFOPLIST_FILE = Pokedex/Info.plist;
				LD_RUNPATH_SEARCH_PATHS = (
					"$(inherited)",
					"@executable_path/Frameworks",
				);
				PRODUCT_BUNDLE_IDENTIFIER = com.junsung.Pokedex;
				PRODUCT_NAME = "$(TARGET_NAME)";
				SWIFT_VERSION = 5.0;
				TARGETED_DEVICE_FAMILY = 1;
			};
			name = Debug;
		};
		6CCAEFB9264047FB0098BA2C /* Release */ = {
			isa = XCBuildConfiguration;
			baseConfigurationReference = 0A327B8C7AF7F67DE087FF92 /* Pods-Pokedex.release.xcconfig */;
			buildSettings = {
				ASSETCATALOG_COMPILER_APPICON_NAME = AppIcon;
				ASSETCATALOG_COMPILER_GLOBAL_ACCENT_COLOR_NAME = AccentColor;
				CODE_SIGN_STYLE = Automatic;
				DEVELOPMENT_TEAM = GBSDV5CPBM;
				INFOPLIST_FILE = Pokedex/Info.plist;
				LD_RUNPATH_SEARCH_PATHS = (
					"$(inherited)",
					"@executable_path/Frameworks",
				);
				PRODUCT_BUNDLE_IDENTIFIER = com.junsung.Pokedex;
				PRODUCT_NAME = "$(TARGET_NAME)";
				SWIFT_VERSION = 5.0;
				TARGETED_DEVICE_FAMILY = 1;
			};
			name = Release;
		};
		6CCAEFBB264047FB0098BA2C /* Debug */ = {
			isa = XCBuildConfiguration;
			baseConfigurationReference = 30ECE34877D66DFFE41D8C0C /* Pods-PokedexTests.debug.xcconfig */;
			buildSettings = {
				ALWAYS_EMBED_SWIFT_STANDARD_LIBRARIES = "$(inherited)";
				BUNDLE_LOADER = "$(TEST_HOST)";
				CODE_SIGN_STYLE = Automatic;
				DEVELOPMENT_TEAM = 6X99KJAWH9;
				INFOPLIST_FILE = PokedexTests/Info.plist;
				IPHONEOS_DEPLOYMENT_TARGET = 14.5;
				LD_RUNPATH_SEARCH_PATHS = (
					"$(inherited)",
					"@executable_path/Frameworks",
					"@loader_path/Frameworks",
				);
				PRODUCT_BUNDLE_IDENTIFIER = com.junsung.PokedexTests;
				PRODUCT_NAME = "$(TARGET_NAME)";
				SWIFT_VERSION = 5.0;
				TARGETED_DEVICE_FAMILY = "1,2";
				TEST_HOST = "$(BUILT_PRODUCTS_DIR)/Pokedex.app/Pokedex";
			};
			name = Debug;
		};
		6CCAEFBC264047FB0098BA2C /* Release */ = {
			isa = XCBuildConfiguration;
			baseConfigurationReference = E17F63A0CF66D466821870C1 /* Pods-PokedexTests.release.xcconfig */;
			buildSettings = {
				ALWAYS_EMBED_SWIFT_STANDARD_LIBRARIES = "$(inherited)";
				BUNDLE_LOADER = "$(TEST_HOST)";
				CODE_SIGN_STYLE = Automatic;
				DEVELOPMENT_TEAM = 6X99KJAWH9;
				INFOPLIST_FILE = PokedexTests/Info.plist;
				IPHONEOS_DEPLOYMENT_TARGET = 14.5;
				LD_RUNPATH_SEARCH_PATHS = (
					"$(inherited)",
					"@executable_path/Frameworks",
					"@loader_path/Frameworks",
				);
				PRODUCT_BUNDLE_IDENTIFIER = com.junsung.PokedexTests;
				PRODUCT_NAME = "$(TARGET_NAME)";
				SWIFT_VERSION = 5.0;
				TARGETED_DEVICE_FAMILY = "1,2";
				TEST_HOST = "$(BUILT_PRODUCTS_DIR)/Pokedex.app/Pokedex";
			};
			name = Release;
		};
		6CCAEFBE264047FB0098BA2C /* Debug */ = {
			isa = XCBuildConfiguration;
			baseConfigurationReference = 277F7FD9DDAE1FCF8195A88E /* Pods-Pokedex-PokedexUITests.debug.xcconfig */;
			buildSettings = {
				ALWAYS_EMBED_SWIFT_STANDARD_LIBRARIES = "$(inherited)";
				CODE_SIGN_STYLE = Automatic;
				DEVELOPMENT_TEAM = 6X99KJAWH9;
				INFOPLIST_FILE = PokedexUITests/Info.plist;
				LD_RUNPATH_SEARCH_PATHS = (
					"$(inherited)",
					"@executable_path/Frameworks",
					"@loader_path/Frameworks",
				);
				PRODUCT_BUNDLE_IDENTIFIER = com.junsung.PokedexUITests;
				PRODUCT_NAME = "$(TARGET_NAME)";
				SWIFT_VERSION = 5.0;
				TARGETED_DEVICE_FAMILY = "1,2";
				TEST_TARGET_NAME = Pokedex;
			};
			name = Debug;
		};
		6CCAEFBF264047FB0098BA2C /* Release */ = {
			isa = XCBuildConfiguration;
			baseConfigurationReference = 3242FE8111865D84C0543464 /* Pods-Pokedex-PokedexUITests.release.xcconfig */;
			buildSettings = {
				ALWAYS_EMBED_SWIFT_STANDARD_LIBRARIES = "$(inherited)";
				CODE_SIGN_STYLE = Automatic;
				DEVELOPMENT_TEAM = 6X99KJAWH9;
				INFOPLIST_FILE = PokedexUITests/Info.plist;
				LD_RUNPATH_SEARCH_PATHS = (
					"$(inherited)",
					"@executable_path/Frameworks",
					"@loader_path/Frameworks",
				);
				PRODUCT_BUNDLE_IDENTIFIER = com.junsung.PokedexUITests;
				PRODUCT_NAME = "$(TARGET_NAME)";
				SWIFT_VERSION = 5.0;
				TARGETED_DEVICE_FAMILY = "1,2";
				TEST_TARGET_NAME = Pokedex;
			};
			name = Release;
		};
/* End XCBuildConfiguration section */

/* Begin XCConfigurationList section */
		6CCAEF88264047FA0098BA2C /* Build configuration list for PBXProject "Pokedex" */ = {
			isa = XCConfigurationList;
			buildConfigurations = (
				6CCAEFB5264047FB0098BA2C /* Debug */,
				6CCAEFB6264047FB0098BA2C /* Release */,
			);
			defaultConfigurationIsVisible = 0;
			defaultConfigurationName = Release;
		};
		6CCAEFB7264047FB0098BA2C /* Build configuration list for PBXNativeTarget "Pokedex" */ = {
			isa = XCConfigurationList;
			buildConfigurations = (
				6CCAEFB8264047FB0098BA2C /* Debug */,
				6CCAEFB9264047FB0098BA2C /* Release */,
			);
			defaultConfigurationIsVisible = 0;
			defaultConfigurationName = Release;
		};
		6CCAEFBA264047FB0098BA2C /* Build configuration list for PBXNativeTarget "PokedexTests" */ = {
			isa = XCConfigurationList;
			buildConfigurations = (
				6CCAEFBB264047FB0098BA2C /* Debug */,
				6CCAEFBC264047FB0098BA2C /* Release */,
			);
			defaultConfigurationIsVisible = 0;
			defaultConfigurationName = Release;
		};
		6CCAEFBD264047FB0098BA2C /* Build configuration list for PBXNativeTarget "PokedexUITests" */ = {
			isa = XCConfigurationList;
			buildConfigurations = (
				6CCAEFBE264047FB0098BA2C /* Debug */,
				6CCAEFBF264047FB0098BA2C /* Release */,
			);
			defaultConfigurationIsVisible = 0;
			defaultConfigurationName = Release;
		};
/* End XCConfigurationList section */
	};
	rootObject = 6CCAEF85264047FA0098BA2C /* Project object */;
}
